
Microsoft Visual Studio Solution File, Format Version 12.00
# Visual Studio 14
VisualStudioVersion = 14.0.25420.1
MinimumVisualStudioVersion = 10.0.40219.1
Project("{FAE04EC0-301F-11D3-BF4B-00C04F79EFBC}") = "ClockFunctional", "ClockFunctional\ClockFunctional.csproj", "{FE3A55F4-C4D0-4BB4-8E3A-C20B7D2A9B10}"
EndProject
Project("{FAE04EC0-301F-11D3-BF4B-00C04F79EFBC}") = "ClockConsole", "ClockConsole\ClockConsole.csproj", "{0DF6D77E-9C06-469C-BBAE-4F97009E7676}"
EndProject
Project("{FAE04EC0-301F-11D3-BF4B-00C04F79EFBC}") = "ClockForms", "ClockForms\ClockForms.csproj", "{2F50B9FE-E9D8-4D96-9F87-F1D89F800D8E}"
EndProject
Global
	GlobalSection(SolutionConfigurationPlatforms) = preSolution
		Debug|Any CPU = Debug|Any CPU
		Release|Any CPU = Release|Any CPU
	EndGlobalSection
	GlobalSection(ProjectConfigurationPlatforms) = postSolution
		{FE3A55F4-C4D0-4BB4-8E3A-C20B7D2A9B10}.Debug|Any CPU.ActiveCfg = Debug|Any CPU
		{FE3A55F4-C4D0-4BB4-8E3A-C20B7D2A9B10}.Debug|Any CPU.Build.0 = Debug|Any CPU
		{FE3A55F4-C4D0-4BB4-8E3A-C20B7D2A9B10}.Release|Any CPU.ActiveCfg = Release|Any CPU
		{FE3A55F4-C4D0-4BB4-8E3A-C20B7D2A9B10}.Release|Any CPU.Build.0 = Release|Any CPU
		{0DF6D77E-9C06-469C-BBAE-4F97009E7676}.Debug|Any CPU.ActiveCfg = Debug|Any CPU
		{0DF6D77E-9C06-469C-BBAE-4F97009E7676}.Debug|Any CPU.Build.0 = Debug|Any CPU
		{0DF6D77E-9C06-469C-BBAE-4F97009E7676}.Release|Any CPU.ActiveCfg = Release|Any CPU
		{0DF6D77E-9C06-469C-BBAE-4F97009E7676}.Release|Any CPU.Build.0 = Release|Any CPU
		{2F50B9FE-E9D8-4D96-9F87-F1D89F800D8E}.Debug|Any CPU.ActiveCfg = Debug|Any CPU
		{2F50B9FE-E9D8-4D96-9F87-F1D89F800D8E}.Debug|Any CPU.Build.0 = Debug|Any CPU
		{2F50B9FE-E9D8-4D96-9F87-F1D89F800D8E}.Release|Any CPU.ActiveCfg = Release|Any CPU
		{2F50B9FE-E9D8-4D96-9F87-F1D89F800D8E}.Release|Any CPU.Build.0 = Release|Any CPU
	EndGlobalSection
	GlobalSection(SolutionProperties) = preSolution
		HideSolutionNode = FALSE
	EndGlobalSection
EndGlobal
